
Microsoft Visual Studio Solution File, Format Version 12.00
# Visual Studio Version 17
VisualStudioVersion = 17.14.36915.13 d17.14
MinimumVisualStudioVersion = 10.0.40219.1
Project("{FAE04EC0-301F-11D3-BF4B-00C04F79EFBC}") = "CryptoTrading.API", "CryptoTrading.API.csproj", "{31FB389C-6938-1E05-DC13-CC764EF5DED3}"
EndProject
Global
	GlobalSection(SolutionConfigurationPlatforms) = preSolution
		Debug|Any CPU = Debug|Any CPU
		Release|Any CPU = Release|Any CPU
	EndGlobalSection
	GlobalSection(ProjectConfigurationPlatforms) = postSolution
		{31FB389C-6938-1E05-DC13-CC764EF5DED3}.Debug|Any CPU.ActiveCfg = Debug|Any CPU
		{31FB389C-6938-1E05-DC13-CC764EF5DED3}.Debug|Any CPU.Build.0 = Debug|Any CPU
		{31FB389C-6938-1E05-DC13-CC764EF5DED3}.Release|Any CPU.ActiveCfg = Release|Any CPU
		{31FB389C-6938-1E05-DC13-CC764EF5DED3}.Release|Any CPU.Build.0 = Release|Any CPU
	EndGlobalSection
	GlobalSection(SolutionProperties) = preSolution
		HideSolutionNode = FALSE
	EndGlobalSection
	GlobalSection(ExtensibilityGlobals) = postSolution
		SolutionGuid = {AE24B84F-B8F4-46B7-9B1D-B63A426BBF54}
	EndGlobalSection
EndGlobal
